
Microsoft Visual Studio Solution File, Format Version 12.00
# Visual Studio Version 16
VisualStudioVersion = 16.0.31205.134
MinimumVisualStudioVersion = 10.0.40219.1
Project("{8BC9CEB8-8B4A-11D0-8D11-00A0C91BC942}") = "WordAdder", "WordAdder.vcxproj", "{A2F6EDEB-B18A-4F71-9F80-479C2DEE7D05}"
EndProject
Global
	GlobalSection(SolutionConfigurationPlatforms) = preSolution
		Debug|x64 = Debug|x64
		Debug|x86 = Debug|x86
		Release|x64 = Release|x64
		Release|x86 = Release|x86
	EndGlobalSection
	GlobalSection(ProjectConfigurationPlatforms) = postSolution
		{A2F6EDEB-B18A-4F71-9F80-479C2DEE7D05}.Debug|x64.ActiveCfg = Debug|x64
		{A2F6EDEB-B18A-4F71-9F80-479C2DEE7D05}.Debug|x64.Build.0 = Debug|x64
		{A2F6EDEB-B18A-4F71-9F80-479C2DEE7D05}.Debug|x86.ActiveCfg = Debug|Win32
		{A2F6EDEB-B18A-4F71-9F80-479C2DEE7D05}.Debug|x86.Build.0 = Debug|Win32
		{A2F6EDEB-B18A-4F71-9F80-479C2DEE7D05}.Release|x64.ActiveCfg = Release|x64
		{A2F6EDEB-B18A-4F71-9F80-479C2DEE7D05}.Release|x64.Build.0 = Release|x64
		{A2F6EDEB-B18A-4F71-9F80-479C2DEE7D05}.Release|x86.ActiveCfg = Release|Win32
		{A2F6EDEB-B18A-4F71-9F80-479C2DEE7D05}.Release|x86.Build.0 = Release|Win32
	EndGlobalSection
	GlobalSection(SolutionProperties) = preSolution
		HideSolutionNode = FALSE
	EndGlobalSection
	GlobalSection(ExtensibilityGlobals) = postSolution
		SolutionGuid = {BCEAE2AA-8505-4A05-A6B7-29C6DF9D2A0F}
	EndGlobalSection
EndGlobal
